// !$*UTF8*$!
{
	archiveVersion = 1;
	classes = {
	};
	objectVersion = 55;
	objects = {

/* Begin PBXBuildFile section */
		0230D4FB34A846F12A4E5C4E /* Pods_MVVM_Clean_TestCases_MVVM_Clean_TestCasesUITests.framework in Frameworks */ = {isa = PBXBuildFile; fileRef = 59CE80570065C2AD9C2F1BB3 /* Pods_MVVM_Clean_TestCases_MVVM_Clean_TestCasesUITests.framework */; };
		7A8D89940642C933B7EA291F /* Pods_MVVM_Clean_TestCasesTests.framework in Frameworks */ = {isa = PBXBuildFile; fileRef = E2DE6A94A961FE742DF0FD0D /* Pods_MVVM_Clean_TestCasesTests.framework */; };
		95561CAF288089C8000B07B8 /* AppDelegate.swift in Sources */ = {isa = PBXBuildFile; fileRef = 95561CAE288089C8000B07B8 /* AppDelegate.swift */; };
		95561CB6288089C8000B07B8 /* PetListStoryboard.storyboard in Resources */ = {isa = PBXBuildFile; fileRef = 95561CB4288089C8000B07B8 /* PetListStoryboard.storyboard */; };
		95561CB8288089C9000B07B8 /* Assets.xcassets in Resources */ = {isa = PBXBuildFile; fileRef = 95561CB7288089C9000B07B8 /* Assets.xcassets */; };
		95561CBB288089C9000B07B8 /* LaunchScreen.storyboard in Resources */ = {isa = PBXBuildFile; fileRef = 95561CB9288089C9000B07B8 /* LaunchScreen.storyboard */; };
		95561CC6288089C9000B07B8 /* TestNetworkService.swift in Sources */ = {isa = PBXBuildFile; fileRef = 95561CC5288089C9000B07B8 /* TestNetworkService.swift */; };
		95561CD0288089C9000B07B8 /* MVVM_Clean_TestCasesUITests.swift in Sources */ = {isa = PBXBuildFile; fileRef = 95561CCF288089C9000B07B8 /* MVVM_Clean_TestCasesUITests.swift */; };
		95561CE128808AAB000B07B8 /* APIRequestConfiguration.swift in Sources */ = {isa = PBXBuildFile; fileRef = 95561CE028808AAB000B07B8 /* APIRequestConfiguration.swift */; };
		95561CE4288095E6000B07B8 /* PListUtility.swift in Sources */ = {isa = PBXBuildFile; fileRef = 95561CE3288095E6000B07B8 /* PListUtility.swift */; };
		95561CEA28813B6E000B07B8 /* NetworkLogger.swift in Sources */ = {isa = PBXBuildFile; fileRef = 95561CE928813B6E000B07B8 /* NetworkLogger.swift */; };
		95561CED28814610000B07B8 /* NetworkError.swift in Sources */ = {isa = PBXBuildFile; fileRef = 95561CEC28814610000B07B8 /* NetworkError.swift */; };
		95561CEF28814763000B07B8 /* NetworkService.swift in Sources */ = {isa = PBXBuildFile; fileRef = 95561CEE28814763000B07B8 /* NetworkService.swift */; };
		95561CF1288147B8000B07B8 /* NetworkManager.swift in Sources */ = {isa = PBXBuildFile; fileRef = 95561CF0288147B8000B07B8 /* NetworkManager.swift */; };
		95561CF228814A24000B07B8 /* APIRequestConfiguration.swift in Sources */ = {isa = PBXBuildFile; fileRef = 95561CE028808AAB000B07B8 /* APIRequestConfiguration.swift */; };
		95561CF328814A2C000B07B8 /* NetworkService.swift in Sources */ = {isa = PBXBuildFile; fileRef = 95561CEE28814763000B07B8 /* NetworkService.swift */; };
		95561CF428814A30000B07B8 /* NetworkManager.swift in Sources */ = {isa = PBXBuildFile; fileRef = 95561CF0288147B8000B07B8 /* NetworkManager.swift */; };
		95561CF528814A36000B07B8 /* NetworkError.swift in Sources */ = {isa = PBXBuildFile; fileRef = 95561CEC28814610000B07B8 /* NetworkError.swift */; };
		95561CF628814A3A000B07B8 /* NetworkLogger.swift in Sources */ = {isa = PBXBuildFile; fileRef = 95561CE928813B6E000B07B8 /* NetworkLogger.swift */; };
		95561CF828814ADD000B07B8 /* MockAPIRequestConfig.swift in Sources */ = {isa = PBXBuildFile; fileRef = 95561CF728814ADD000B07B8 /* MockAPIRequestConfig.swift */; };
		95561CFA28814B88000B07B8 /* MockNetworkSessionManager.swift in Sources */ = {isa = PBXBuildFile; fileRef = 95561CF928814B88000B07B8 /* MockNetworkSessionManager.swift */; };
		95561CFF2881CB87000B07B8 /* NetworkSessionManager.swift in Sources */ = {isa = PBXBuildFile; fileRef = 95561CFE2881CB87000B07B8 /* NetworkSessionManager.swift */; };
		95561D002881D070000B07B8 /* NetworkSessionManager.swift in Sources */ = {isa = PBXBuildFile; fileRef = 95561CFE2881CB87000B07B8 /* NetworkSessionManager.swift */; };
		95725AAF2883FC420046FF6F /* TestNetworkManager.swift in Sources */ = {isa = PBXBuildFile; fileRef = 95725AAE2883FC420046FF6F /* TestNetworkManager.swift */; };
		958C9114288ECA8B0096D8F3 /* PetInfoModel.swift in Sources */ = {isa = PBXBuildFile; fileRef = 958C9113288ECA8B0096D8F3 /* PetInfoModel.swift */; };
		958C9116288ED1680096D8F3 /* PetInfoModel.swift in Sources */ = {isa = PBXBuildFile; fileRef = 958C9113288ECA8B0096D8F3 /* PetInfoModel.swift */; };
		958C9117288ED1770096D8F3 /* PetListResponseDTO.swift in Sources */ = {isa = PBXBuildFile; fileRef = 95D4CC2128846D190091B16D /* PetListResponseDTO.swift */; };
		958C9119288FAA710096D8F3 /* PetListNetworkService.swift in Sources */ = {isa = PBXBuildFile; fileRef = 958C9118288FAA710096D8F3 /* PetListNetworkService.swift */; };
		958C911A288FAE3D0096D8F3 /* PetListNetworkService.swift in Sources */ = {isa = PBXBuildFile; fileRef = 958C9118288FAA710096D8F3 /* PetListNetworkService.swift */; };
		95D4CC2228846D190091B16D /* PetListResponseDTO.swift in Sources */ = {isa = PBXBuildFile; fileRef = 95D4CC2128846D190091B16D /* PetListResponseDTO.swift */; };
		95D4CC2528846EA00091B16D /* PetListRepository.swift in Sources */ = {isa = PBXBuildFile; fileRef = 95D4CC2428846EA00091B16D /* PetListRepository.swift */; };
		95D4CC29288476A90091B16D /* PetListRepositoryImplementation.swift in Sources */ = {isa = PBXBuildFile; fileRef = 95D4CC28288476A90091B16D /* PetListRepositoryImplementation.swift */; };
		95D4CC3028847B700091B16D /* APIV1.swift in Sources */ = {isa = PBXBuildFile; fileRef = 95D4CC2F28847B700091B16D /* APIV1.swift */; };
		95D4CC342885118B0091B16D /* APIEndPoint.swift in Sources */ = {isa = PBXBuildFile; fileRef = 95D4CC332885118B0091B16D /* APIEndPoint.swift */; };
		95D4CC3728851FDE0091B16D /* PetListUseCase.swift in Sources */ = {isa = PBXBuildFile; fileRef = 95D4CC3628851FDE0091B16D /* PetListUseCase.swift */; };
		95D4CC39288520080091B16D /* PetListUseCaseImplementation.swift in Sources */ = {isa = PBXBuildFile; fileRef = 95D4CC38288520080091B16D /* PetListUseCaseImplementation.swift */; };
		95D4CC3F28852EDC0091B16D /* PetListItemViewmodel.swift in Sources */ = {isa = PBXBuildFile; fileRef = 95D4CC3E28852EDC0091B16D /* PetListItemViewmodel.swift */; };
		95D4CC4128852F550091B16D /* PetListViewModel.swift in Sources */ = {isa = PBXBuildFile; fileRef = 95D4CC4028852F550091B16D /* PetListViewModel.swift */; };
		95D4CC44288531220091B16D /* Observable.swift in Sources */ = {isa = PBXBuildFile; fileRef = 95D4CC43288531220091B16D /* Observable.swift */; };
		95D4CC4728853EAC0091B16D /* PListUtility.swift in Sources */ = {isa = PBXBuildFile; fileRef = 95561CE3288095E6000B07B8 /* PListUtility.swift */; };
		95D4CC4928853FDA0091B16D /* PetListViewController.swift in Sources */ = {isa = PBXBuildFile; fileRef = 95D4CC4828853FDA0091B16D /* PetListViewController.swift */; };
		95F452672885454900581B6E /* PetInfoTableViewCell.swift in Sources */ = {isa = PBXBuildFile; fileRef = 95F452652885454900581B6E /* PetInfoTableViewCell.swift */; };
		95F452682885454900581B6E /* PetInfoTableViewCell.xib in Resources */ = {isa = PBXBuildFile; fileRef = 95F452662885454900581B6E /* PetInfoTableViewCell.xib */; };
		95F4526A288545DE00581B6E /* PetListTableView.swift in Sources */ = {isa = PBXBuildFile; fileRef = 95F45269288545DE00581B6E /* PetListTableView.swift */; };
		95F4526D2885496900581B6E /* PetListAccessibilityIdentifier.swift in Sources */ = {isa = PBXBuildFile; fileRef = 95F4526C2885496900581B6E /* PetListAccessibilityIdentifier.swift */; };
		95F452732885547F00581B6E /* LoaderUtility.swift in Sources */ = {isa = PBXBuildFile; fileRef = 95F452722885547F00581B6E /* LoaderUtility.swift */; };
		95F452752885564100581B6E /* AlertUtility.swift in Sources */ = {isa = PBXBuildFile; fileRef = 95F452742885564100581B6E /* AlertUtility.swift */; };
		95F45278288557DB00581B6E /* PetModuleFlow.swift in Sources */ = {isa = PBXBuildFile; fileRef = 95F45277288557DB00581B6E /* PetModuleFlow.swift */; };
		95F4527B2885589900581B6E /* PetModuleDIContainer.swift in Sources */ = {isa = PBXBuildFile; fileRef = 95F4527A2885589900581B6E /* PetModuleDIContainer.swift */; };
		95F4527D28855BA900581B6E /* AppDIContainer.swift in Sources */ = {isa = PBXBuildFile; fileRef = 95F4527C28855BA900581B6E /* AppDIContainer.swift */; };
		95F4527F2885696000581B6E /* AppFlow.swift in Sources */ = {isa = PBXBuildFile; fileRef = 95F4527E2885696000581B6E /* AppFlow.swift */; };
		95F452832885842100581B6E /* MockAPIRequestConfiguration.swift in Sources */ = {isa = PBXBuildFile; fileRef = 95F452822885842100581B6E /* MockAPIRequestConfiguration.swift */; };
		95F452872885884200581B6E /* TestPetListUseCase.swift in Sources */ = {isa = PBXBuildFile; fileRef = 95F452862885884200581B6E /* TestPetListUseCase.swift */; };
		95F452892885893B00581B6E /* PetListUseCase.swift in Sources */ = {isa = PBXBuildFile; fileRef = 95D4CC3628851FDE0091B16D /* PetListUseCase.swift */; };
		95F4528A2885893E00581B6E /* PetListUseCaseImplementation.swift in Sources */ = {isa = PBXBuildFile; fileRef = 95D4CC38288520080091B16D /* PetListUseCaseImplementation.swift */; };
		95F4528B2885897700581B6E /* PetListRepositoryImplementation.swift in Sources */ = {isa = PBXBuildFile; fileRef = 95D4CC28288476A90091B16D /* PetListRepositoryImplementation.swift */; };
		95F4528C2885897E00581B6E /* PetListRepository.swift in Sources */ = {isa = PBXBuildFile; fileRef = 95D4CC2428846EA00091B16D /* PetListRepository.swift */; };
		95F4528F28858DE800581B6E /* APIEndPoint.swift in Sources */ = {isa = PBXBuildFile; fileRef = 95D4CC332885118B0091B16D /* APIEndPoint.swift */; };
		95F4529028858DF500581B6E /* APIV1.swift in Sources */ = {isa = PBXBuildFile; fileRef = 95D4CC2F28847B700091B16D /* APIV1.swift */; };
		95F452952885905600581B6E /* TestPetListviewModel.swift in Sources */ = {isa = PBXBuildFile; fileRef = 95F452942885905500581B6E /* TestPetListviewModel.swift */; };
		95F452992885927C00581B6E /* PetListViewModel.swift in Sources */ = {isa = PBXBuildFile; fileRef = 95D4CC4028852F550091B16D /* PetListViewModel.swift */; };
		95F4529A2885942D00581B6E /* Observable.swift in Sources */ = {isa = PBXBuildFile; fileRef = 95D4CC43288531220091B16D /* Observable.swift */; };
		95F4529B2885943400581B6E /* PetListItemViewmodel.swift in Sources */ = {isa = PBXBuildFile; fileRef = 95D4CC3E28852EDC0091B16D /* PetListItemViewmodel.swift */; };
		95F4529C28859A5E00581B6E /* PetListAccessibilityIdentifier.swift in Sources */ = {isa = PBXBuildFile; fileRef = 95F4526C2885496900581B6E /* PetListAccessibilityIdentifier.swift */; };
		95F4529D28859A5E00581B6E /* PetListAccessibilityIdentifier.swift in Sources */ = {isa = PBXBuildFile; fileRef = 95F4526C2885496900581B6E /* PetListAccessibilityIdentifier.swift */; };
		95F452A32886832E00581B6E /* NetworkBaseConfiguration.swift in Sources */ = {isa = PBXBuildFile; fileRef = 95F452A22886832E00581B6E /* NetworkBaseConfiguration.swift */; };
		95F452A4288683F500581B6E /* NetworkBaseConfiguration.swift in Sources */ = {isa = PBXBuildFile; fileRef = 95F452A22886832E00581B6E /* NetworkBaseConfiguration.swift */; };
		F6FC5254F14F19B4E6E4C38A /* Pods_MVVM_Clean_TestCases.framework in Frameworks */ = {isa = PBXBuildFile; fileRef = 79535EE2D03CC63A426A81EA /* Pods_MVVM_Clean_TestCases.framework */; };
/* End PBXBuildFile section */

/* Begin PBXContainerItemProxy section */
		95561CC2288089C9000B07B8 /* PBXContainerItemProxy */ = {
			isa = PBXContainerItemProxy;
			containerPortal = 95561CA3288089C8000B07B8 /* Project object */;
			proxyType = 1;
			remoteGlobalIDString = 95561CAA288089C8000B07B8;
			remoteInfo = MVVM_Clean_TestCases;
		};
		95561CCC288089C9000B07B8 /* PBXContainerItemProxy */ = {
			isa = PBXContainerItemProxy;
			containerPortal = 95561CA3288089C8000B07B8 /* Project object */;
			proxyType = 1;
			remoteGlobalIDString = 95561CAA288089C8000B07B8;
			remoteInfo = MVVM_Clean_TestCases;
		};
/* End PBXContainerItemProxy section */

/* Begin PBXFileReference section */
		1FAE35DB53DE041898691D36 /* Pods-MVVM_Clean_TestCases.debug.xcconfig */ = {isa = PBXFileReference; includeInIndex = 1; lastKnownFileType = text.xcconfig; name = "Pods-MVVM_Clean_TestCases.debug.xcconfig"; path = "Target Support Files/Pods-MVVM_Clean_TestCases/Pods-MVVM_Clean_TestCases.debug.xcconfig"; sourceTree = "<group>"; };
		41898876DA6CA2994F49095E /* Pods-MVVM_Clean_TestCasesTests.release.xcconfig */ = {isa = PBXFileReference; includeInIndex = 1; lastKnownFileType = text.xcconfig; name = "Pods-MVVM_Clean_TestCasesTests.release.xcconfig"; path = "Target Support Files/Pods-MVVM_Clean_TestCasesTests/Pods-MVVM_Clean_TestCasesTests.release.xcconfig"; sourceTree = "<group>"; };
		59CE80570065C2AD9C2F1BB3 /* Pods_MVVM_Clean_TestCases_MVVM_Clean_TestCasesUITests.framework */ = {isa = PBXFileReference; explicitFileType = wrapper.framework; includeInIndex = 0; path = Pods_MVVM_Clean_TestCases_MVVM_Clean_TestCasesUITests.framework; sourceTree = BUILT_PRODUCTS_DIR; };
		60B11BF83BEF9BD82C66CC5A /* Pods-MVVM_Clean_TestCases-MVVM_Clean_TestCasesUITests.development.xcconfig */ = {isa = PBXFileReference; includeInIndex = 1; lastKnownFileType = text.xcconfig; name = "Pods-MVVM_Clean_TestCases-MVVM_Clean_TestCasesUITests.development.xcconfig"; path = "Target Support Files/Pods-MVVM_Clean_TestCases-MVVM_Clean_TestCasesUITests/Pods-MVVM_Clean_TestCases-MVVM_Clean_TestCasesUITests.development.xcconfig"; sourceTree = "<group>"; };
		79535EE2D03CC63A426A81EA /* Pods_MVVM_Clean_TestCases.framework */ = {isa = PBXFileReference; explicitFileType = wrapper.framework; includeInIndex = 0; path = Pods_MVVM_Clean_TestCases.framework; sourceTree = BUILT_PRODUCTS_DIR; };
		7A5F225F6684422236ED017D /* Pods-MVVM_Clean_TestCasesTests.debug.xcconfig */ = {isa = PBXFileReference; includeInIndex = 1; lastKnownFileType = text.xcconfig; name = "Pods-MVVM_Clean_TestCasesTests.debug.xcconfig"; path = "Target Support Files/Pods-MVVM_Clean_TestCasesTests/Pods-MVVM_Clean_TestCasesTests.debug.xcconfig"; sourceTree = "<group>"; };
		7ED4C4306A50AEAA1CFE9D23 /* Pods-MVVM_Clean_TestCases-MVVM_Clean_TestCasesUITests.debug.xcconfig */ = {isa = PBXFileReference; includeInIndex = 1; lastKnownFileType = text.xcconfig; name = "Pods-MVVM_Clean_TestCases-MVVM_Clean_TestCasesUITests.debug.xcconfig"; path = "Target Support Files/Pods-MVVM_Clean_TestCases-MVVM_Clean_TestCasesUITests/Pods-MVVM_Clean_TestCases-MVVM_Clean_TestCasesUITests.debug.xcconfig"; sourceTree = "<group>"; };
		8113E0FB3B471A36DC9957B2 /* Pods-MVVM_Clean_TestCasesTests.development.xcconfig */ = {isa = PBXFileReference; includeInIndex = 1; lastKnownFileType = text.xcconfig; name = "Pods-MVVM_Clean_TestCasesTests.development.xcconfig"; path = "Target Support Files/Pods-MVVM_Clean_TestCasesTests/Pods-MVVM_Clean_TestCasesTests.development.xcconfig"; sourceTree = "<group>"; };
		9518BBFA496611F76D27416C /* Pods-MVVM_Clean_TestCases.development.xcconfig */ = {isa = PBXFileReference; includeInIndex = 1; lastKnownFileType = text.xcconfig; name = "Pods-MVVM_Clean_TestCases.development.xcconfig"; path = "Target Support Files/Pods-MVVM_Clean_TestCases/Pods-MVVM_Clean_TestCases.development.xcconfig"; sourceTree = "<group>"; };
		95561CAB288089C8000B07B8 /* MVVM_Clean_TestCases.app */ = {isa = PBXFileReference; explicitFileType = wrapper.application; includeInIndex = 0; path = MVVM_Clean_TestCases.app; sourceTree = BUILT_PRODUCTS_DIR; };
		95561CAE288089C8000B07B8 /* AppDelegate.swift */ = {isa = PBXFileReference; lastKnownFileType = sourcecode.swift; path = AppDelegate.swift; sourceTree = "<group>"; };
		95561CB5288089C8000B07B8 /* Base */ = {isa = PBXFileReference; lastKnownFileType = file.storyboard; name = Base; path = Base.lproj/PetListStoryboard.storyboard; sourceTree = "<group>"; };
		95561CB7288089C9000B07B8 /* Assets.xcassets */ = {isa = PBXFileReference; lastKnownFileType = folder.assetcatalog; path = Assets.xcassets; sourceTree = "<group>"; };
		95561CBA288089C9000B07B8 /* Base */ = {isa = PBXFileReference; lastKnownFileType = file.storyboard; name = Base; path = Base.lproj/LaunchScreen.storyboard; sourceTree = "<group>"; };
		95561CBC288089C9000B07B8 /* Info.plist */ = {isa = PBXFileReference; lastKnownFileType = text.plist.xml; path = Info.plist; sourceTree = "<group>"; };
		95561CC1288089C9000B07B8 /* MVVM_Clean_TestCasesTests.xctest */ = {isa = PBXFileReference; explicitFileType = wrapper.cfbundle; includeInIndex = 0; path = MVVM_Clean_TestCasesTests.xctest; sourceTree = BUILT_PRODUCTS_DIR; };
		95561CC5288089C9000B07B8 /* TestNetworkService.swift */ = {isa = PBXFileReference; lastKnownFileType = sourcecode.swift; path = TestNetworkService.swift; sourceTree = "<group>"; };
		95561CCB288089C9000B07B8 /* MVVM_Clean_TestCasesUITests.xctest */ = {isa = PBXFileReference; explicitFileType = wrapper.cfbundle; includeInIndex = 0; path = MVVM_Clean_TestCasesUITests.xctest; sourceTree = BUILT_PRODUCTS_DIR; };
		95561CCF288089C9000B07B8 /* MVVM_Clean_TestCasesUITests.swift */ = {isa = PBXFileReference; lastKnownFileType = sourcecode.swift; path = MVVM_Clean_TestCasesUITests.swift; sourceTree = "<group>"; };
		95561CE028808AAB000B07B8 /* APIRequestConfiguration.swift */ = {isa = PBXFileReference; lastKnownFileType = sourcecode.swift; path = APIRequestConfiguration.swift; sourceTree = "<group>"; };
		95561CE3288095E6000B07B8 /* PListUtility.swift */ = {isa = PBXFileReference; lastKnownFileType = sourcecode.swift; path = PListUtility.swift; sourceTree = "<group>"; };
		95561CE928813B6E000B07B8 /* NetworkLogger.swift */ = {isa = PBXFileReference; lastKnownFileType = sourcecode.swift; path = NetworkLogger.swift; sourceTree = "<group>"; };
		95561CEC28814610000B07B8 /* NetworkError.swift */ = {isa = PBXFileReference; lastKnownFileType = sourcecode.swift; path = NetworkError.swift; sourceTree = "<group>"; };
		95561CEE28814763000B07B8 /* NetworkService.swift */ = {isa = PBXFileReference; lastKnownFileType = sourcecode.swift; path = NetworkService.swift; sourceTree = "<group>"; };
		95561CF0288147B8000B07B8 /* NetworkManager.swift */ = {isa = PBXFileReference; lastKnownFileType = sourcecode.swift; path = NetworkManager.swift; sourceTree = "<group>"; };
		95561CF728814ADD000B07B8 /* MockAPIRequestConfig.swift */ = {isa = PBXFileReference; lastKnownFileType = sourcecode.swift; path = MockAPIRequestConfig.swift; sourceTree = "<group>"; };
		95561CF928814B88000B07B8 /* MockNetworkSessionManager.swift */ = {isa = PBXFileReference; lastKnownFileType = sourcecode.swift; path = MockNetworkSessionManager.swift; sourceTree = "<group>"; };
		95561CFE2881CB87000B07B8 /* NetworkSessionManager.swift */ = {isa = PBXFileReference; lastKnownFileType = sourcecode.swift; path = NetworkSessionManager.swift; sourceTree = "<group>"; };
		95725AAE2883FC420046FF6F /* TestNetworkManager.swift */ = {isa = PBXFileReference; lastKnownFileType = sourcecode.swift; path = TestNetworkManager.swift; sourceTree = "<group>"; };
		95725AB1288465DE0046FF6F /* Development.xcconfig */ = {isa = PBXFileReference; lastKnownFileType = text.xcconfig; path = Development.xcconfig; sourceTree = "<group>"; };
		958C9113288ECA8B0096D8F3 /* PetInfoModel.swift */ = {isa = PBXFileReference; lastKnownFileType = sourcecode.swift; path = PetInfoModel.swift; sourceTree = "<group>"; };
		958C9118288FAA710096D8F3 /* PetListNetworkService.swift */ = {isa = PBXFileReference; lastKnownFileType = sourcecode.swift; path = PetListNetworkService.swift; sourceTree = "<group>"; };
		95D4CC2128846D190091B16D /* PetListResponseDTO.swift */ = {isa = PBXFileReference; lastKnownFileType = sourcecode.swift; path = PetListResponseDTO.swift; sourceTree = "<group>"; };
		95D4CC2428846EA00091B16D /* PetListRepository.swift */ = {isa = PBXFileReference; lastKnownFileType = sourcecode.swift; path = PetListRepository.swift; sourceTree = "<group>"; };
		95D4CC28288476A90091B16D /* PetListRepositoryImplementation.swift */ = {isa = PBXFileReference; lastKnownFileType = sourcecode.swift; path = PetListRepositoryImplementation.swift; sourceTree = "<group>"; };
		95D4CC2F28847B700091B16D /* APIV1.swift */ = {isa = PBXFileReference; lastKnownFileType = sourcecode.swift; path = APIV1.swift; sourceTree = "<group>"; };
		95D4CC332885118B0091B16D /* APIEndPoint.swift */ = {isa = PBXFileReference; lastKnownFileType = sourcecode.swift; path = APIEndPoint.swift; sourceTree = "<group>"; };
		95D4CC3628851FDE0091B16D /* PetListUseCase.swift */ = {isa = PBXFileReference; lastKnownFileType = sourcecode.swift; path = PetListUseCase.swift; sourceTree = "<group>"; };
		95D4CC38288520080091B16D /* PetListUseCaseImplementation.swift */ = {isa = PBXFileReference; lastKnownFileType = sourcecode.swift; path = PetListUseCaseImplementation.swift; sourceTree = "<group>"; };
		95D4CC3E28852EDC0091B16D /* PetListItemViewmodel.swift */ = {isa = PBXFileReference; lastKnownFileType = sourcecode.swift; path = PetListItemViewmodel.swift; sourceTree = "<group>"; };
		95D4CC4028852F550091B16D /* PetListViewModel.swift */ = {isa = PBXFileReference; lastKnownFileType = sourcecode.swift; path = PetListViewModel.swift; sourceTree = "<group>"; };
		95D4CC43288531220091B16D /* Observable.swift */ = {isa = PBXFileReference; lastKnownFileType = sourcecode.swift; path = Observable.swift; sourceTree = "<group>"; };
		95D4CC4828853FDA0091B16D /* PetListViewController.swift */ = {isa = PBXFileReference; lastKnownFileType = sourcecode.swift; path = PetListViewController.swift; sourceTree = "<group>"; };
		95F452652885454900581B6E /* PetInfoTableViewCell.swift */ = {isa = PBXFileReference; lastKnownFileType = sourcecode.swift; path = PetInfoTableViewCell.swift; sourceTree = "<group>"; };
		95F452662885454900581B6E /* PetInfoTableViewCell.xib */ = {isa = PBXFileReference; lastKnownFileType = file.xib; path = PetInfoTableViewCell.xib; sourceTree = "<group>"; };
		95F45269288545DE00581B6E /* PetListTableView.swift */ = {isa = PBXFileReference; lastKnownFileType = sourcecode.swift; path = PetListTableView.swift; sourceTree = "<group>"; };
		95F4526C2885496900581B6E /* PetListAccessibilityIdentifier.swift */ = {isa = PBXFileReference; lastKnownFileType = sourcecode.swift; path = PetListAccessibilityIdentifier.swift; sourceTree = "<group>"; };
		95F452722885547F00581B6E /* LoaderUtility.swift */ = {isa = PBXFileReference; lastKnownFileType = sourcecode.swift; path = LoaderUtility.swift; sourceTree = "<group>"; };
		95F452742885564100581B6E /* AlertUtility.swift */ = {isa = PBXFileReference; lastKnownFileType = sourcecode.swift; path = AlertUtility.swift; sourceTree = "<group>"; };
		95F45277288557DB00581B6E /* PetModuleFlow.swift */ = {isa = PBXFileReference; lastKnownFileType = sourcecode.swift; path = PetModuleFlow.swift; sourceTree = "<group>"; };
		95F4527A2885589900581B6E /* PetModuleDIContainer.swift */ = {isa = PBXFileReference; lastKnownFileType = sourcecode.swift; path = PetModuleDIContainer.swift; sourceTree = "<group>"; };
		95F4527C28855BA900581B6E /* AppDIContainer.swift */ = {isa = PBXFileReference; lastKnownFileType = sourcecode.swift; path = AppDIContainer.swift; sourceTree = "<group>"; };
		95F4527E2885696000581B6E /* AppFlow.swift */ = {isa = PBXFileReference; lastKnownFileType = sourcecode.swift; path = AppFlow.swift; sourceTree = "<group>"; };
		95F452822885842100581B6E /* MockAPIRequestConfiguration.swift */ = {isa = PBXFileReference; lastKnownFileType = sourcecode.swift; path = MockAPIRequestConfiguration.swift; sourceTree = "<group>"; };
		95F452862885884200581B6E /* TestPetListUseCase.swift */ = {isa = PBXFileReference; lastKnownFileType = sourcecode.swift; path = TestPetListUseCase.swift; sourceTree = "<group>"; };
		95F452942885905500581B6E /* TestPetListviewModel.swift */ = {isa = PBXFileReference; lastKnownFileType = sourcecode.swift; path = TestPetListviewModel.swift; sourceTree = "<group>"; };
		95F452A22886832E00581B6E /* NetworkBaseConfiguration.swift */ = {isa = PBXFileReference; lastKnownFileType = sourcecode.swift; path = NetworkBaseConfiguration.swift; sourceTree = "<group>"; };
		CDD5964A13C0C755DDEBA014 /* Pods-MVVM_Clean_TestCases-MVVM_Clean_TestCasesUITests.release.xcconfig */ = {isa = PBXFileReference; includeInIndex = 1; lastKnownFileType = text.xcconfig; name = "Pods-MVVM_Clean_TestCases-MVVM_Clean_TestCasesUITests.release.xcconfig"; path = "Target Support Files/Pods-MVVM_Clean_TestCases-MVVM_Clean_TestCasesUITests/Pods-MVVM_Clean_TestCases-MVVM_Clean_TestCasesUITests.release.xcconfig"; sourceTree = "<group>"; };
		E2DE6A94A961FE742DF0FD0D /* Pods_MVVM_Clean_TestCasesTests.framework */ = {isa = PBXFileReference; explicitFileType = wrapper.framework; includeInIndex = 0; path = Pods_MVVM_Clean_TestCasesTests.framework; sourceTree = BUILT_PRODUCTS_DIR; };
		E7FC09474D35B29EFD009BA3 /* Pods-MVVM_Clean_TestCases.release.xcconfig */ = {isa = PBXFileReference; includeInIndex = 1; lastKnownFileType = text.xcconfig; name = "Pods-MVVM_Clean_TestCases.release.xcconfig"; path = "Target Support Files/Pods-MVVM_Clean_TestCases/Pods-MVVM_Clean_TestCases.release.xcconfig"; sourceTree = "<group>"; };
/* End PBXFileReference section */

/* Begin PBXFrameworksBuildPhase section */
		95561CA8288089C8000B07B8 /* Frameworks */ = {
			isa = PBXFrameworksBuildPhase;
			buildActionMask = 2147483647;
			files = (
				F6FC5254F14F19B4E6E4C38A /* Pods_MVVM_Clean_TestCases.framework in Frameworks */,
			);
			runOnlyForDeploymentPostprocessing = 0;
		};
		95561CBE288089C9000B07B8 /* Frameworks */ = {
			isa = PBXFrameworksBuildPhase;
			buildActionMask = 2147483647;
			files = (
				7A8D89940642C933B7EA291F /* Pods_MVVM_Clean_TestCasesTests.framework in Frameworks */,
			);
			runOnlyForDeploymentPostprocessing = 0;
		};
		95561CC8288089C9000B07B8 /* Frameworks */ = {
			isa = PBXFrameworksBuildPhase;
			buildActionMask = 2147483647;
			files = (
				0230D4FB34A846F12A4E5C4E /* Pods_MVVM_Clean_TestCases_MVVM_Clean_TestCasesUITests.framework in Frameworks */,
			);
			runOnlyForDeploymentPostprocessing = 0;
		};
/* End PBXFrameworksBuildPhase section */

/* Begin PBXGroup section */
		30A27E4E6E654705BF2A6883 /* Frameworks */ = {
			isa = PBXGroup;
			children = (
				79535EE2D03CC63A426A81EA /* Pods_MVVM_Clean_TestCases.framework */,
				59CE80570065C2AD9C2F1BB3 /* Pods_MVVM_Clean_TestCases_MVVM_Clean_TestCasesUITests.framework */,
				E2DE6A94A961FE742DF0FD0D /* Pods_MVVM_Clean_TestCasesTests.framework */,
			);
			name = Frameworks;
			sourceTree = "<group>";
		};
		95561CA2288089C8000B07B8 = {
			isa = PBXGroup;
			children = (
				95561CAD288089C8000B07B8 /* MVVM_Clean_TestCases */,
				95561CC4288089C9000B07B8 /* MVVM_Clean_TestCasesTests */,
				95561CCE288089C9000B07B8 /* MVVM_Clean_TestCasesUITests */,
				95561CAC288089C8000B07B8 /* Products */,
				A2CEE12996EC219515EC1579 /* Pods */,
				30A27E4E6E654705BF2A6883 /* Frameworks */,
			);
			sourceTree = "<group>";
		};
		95561CAC288089C8000B07B8 /* Products */ = {
			isa = PBXGroup;
			children = (
				95561CAB288089C8000B07B8 /* MVVM_Clean_TestCases.app */,
				95561CC1288089C9000B07B8 /* MVVM_Clean_TestCasesTests.xctest */,
				95561CCB288089C9000B07B8 /* MVVM_Clean_TestCasesUITests.xctest */,
			);
			name = Products;
			sourceTree = "<group>";
		};
		95561CAD288089C8000B07B8 /* MVVM_Clean_TestCases */ = {
			isa = PBXGroup;
			children = (
				95725AB0288465C20046FF6F /* AppConfiguration */,
				95561CE2288095C0000B07B8 /* Utility */,
				95D4CC1E28846C990091B16D /* Extension */,
				95D4CC3A28852E6F0091B16D /* Presentation */,
				95D4CC1A28846C110091B16D /* Domain */,
				95D4CC26288476840091B16D /* Data */,
				95561CDE28808A3F000B07B8 /* NetworkLayer */,
				95561CB7288089C9000B07B8 /* Assets.xcassets */,
				95561CB9288089C9000B07B8 /* LaunchScreen.storyboard */,
			);
			path = MVVM_Clean_TestCases;
			sourceTree = "<group>";
		};
		95561CC4288089C9000B07B8 /* MVVM_Clean_TestCasesTests */ = {
			isa = PBXGroup;
			children = (
				95F452932885903C00581B6E /* Presentation */,
				95F452852885882F00581B6E /* UseCases */,
				95F452842885881A00581B6E /* Network */,
			);
			path = MVVM_Clean_TestCasesTests;
			sourceTree = "<group>";
		};
		95561CCE288089C9000B07B8 /* MVVM_Clean_TestCasesUITests */ = {
			isa = PBXGroup;
			children = (
				95561CCF288089C9000B07B8 /* MVVM_Clean_TestCasesUITests.swift */,
			);
			path = MVVM_Clean_TestCasesUITests;
			sourceTree = "<group>";
		};
		95561CDE28808A3F000B07B8 /* NetworkLayer */ = {
			isa = PBXGroup;
			children = (
				95F452A22886832E00581B6E /* NetworkBaseConfiguration.swift */,
				95561CE028808AAB000B07B8 /* APIRequestConfiguration.swift */,
				95561CFE2881CB87000B07B8 /* NetworkSessionManager.swift */,
				95561CEE28814763000B07B8 /* NetworkService.swift */,
				95561CF0288147B8000B07B8 /* NetworkManager.swift */,
				95561CEC28814610000B07B8 /* NetworkError.swift */,
				95561CE928813B6E000B07B8 /* NetworkLogger.swift */,
			);
			path = NetworkLayer;
			sourceTree = "<group>";
		};
		95561CE2288095C0000B07B8 /* Utility */ = {
			isa = PBXGroup;
			children = (
				95D4CC43288531220091B16D /* Observable.swift */,
				95561CE3288095E6000B07B8 /* PListUtility.swift */,
				95F452722885547F00581B6E /* LoaderUtility.swift */,
				95F452742885564100581B6E /* AlertUtility.swift */,
			);
			path = Utility;
			sourceTree = "<group>";
		};
		95561CEB288145E2000B07B8 /* MockObjects */ = {
			isa = PBXGroup;
			children = (
				95561CF728814ADD000B07B8 /* MockAPIRequestConfig.swift */,
				95F452822885842100581B6E /* MockAPIRequestConfiguration.swift */,
				95561CF928814B88000B07B8 /* MockNetworkSessionManager.swift */,
			);
			path = MockObjects;
			sourceTree = "<group>";
		};
		95725AB0288465C20046FF6F /* AppConfiguration */ = {
			isa = PBXGroup;
			children = (
				95561CAE288089C8000B07B8 /* AppDelegate.swift */,
				95F452792885588200581B6E /* DependencyInjection */,
				95561CBC288089C9000B07B8 /* Info.plist */,
				95725AB1288465DE0046FF6F /* Development.xcconfig */,
				95F4527E2885696000581B6E /* AppFlow.swift */,
			);
			path = AppConfiguration;
			sourceTree = "<group>";
		};
		958C910D288E6CA40096D8F3 /* AccessibilityIdentifier */ = {
			isa = PBXGroup;
			children = (
				95F4526C2885496900581B6E /* PetListAccessibilityIdentifier.swift */,
			);
			path = AccessibilityIdentifier;
			sourceTree = "<group>";
		};
		958C9110288EC8480096D8F3 /* DataMapping */ = {
			isa = PBXGroup;
			children = (
				95D4CC2128846D190091B16D /* PetListResponseDTO.swift */,
			);
			path = DataMapping;
			sourceTree = "<group>";
		};
		95D4CC1A28846C110091B16D /* Domain */ = {
			isa = PBXGroup;
			children = (
				95D4CC3528851FC00091B16D /* UseCase */,
				95D4CC2328846E890091B16D /* RepositoryInterface */,
				95D4CC1B28846C180091B16D /* Entity */,
			);
			path = Domain;
			sourceTree = "<group>";
		};
		95D4CC1B28846C180091B16D /* Entity */ = {
			isa = PBXGroup;
			children = (
				958C9113288ECA8B0096D8F3 /* PetInfoModel.swift */,
			);
			path = Entity;
			sourceTree = "<group>";
		};
		95D4CC1E28846C990091B16D /* Extension */ = {
			isa = PBXGroup;
			children = (
			);
			path = Extension;
			sourceTree = "<group>";
		};
		95D4CC2328846E890091B16D /* RepositoryInterface */ = {
			isa = PBXGroup;
			children = (
				95D4CC2428846EA00091B16D /* PetListRepository.swift */,
			);
			path = RepositoryInterface;
			sourceTree = "<group>";
		};
		95D4CC26288476840091B16D /* Data */ = {
			isa = PBXGroup;
			children = (
				958C9110288EC8480096D8F3 /* DataMapping */,
				95D4CC2A28847A7C0091B16D /* Service */,
				95D4CC272884768F0091B16D /* Repository */,
			);
			path = Data;
			sourceTree = "<group>";
		};
		95D4CC272884768F0091B16D /* Repository */ = {
			isa = PBXGroup;
			children = (
				95D4CC28288476A90091B16D /* PetListRepositoryImplementation.swift */,
			);
			path = Repository;
			sourceTree = "<group>";
		};
		95D4CC2A28847A7C0091B16D /* Service */ = {
			isa = PBXGroup;
			children = (
				95D4CC2F28847B700091B16D /* APIV1.swift */,
				95D4CC332885118B0091B16D /* APIEndPoint.swift */,
				958C9118288FAA710096D8F3 /* PetListNetworkService.swift */,
			);
			path = Service;
			sourceTree = "<group>";
		};
		95D4CC3528851FC00091B16D /* UseCase */ = {
			isa = PBXGroup;
			children = (
				95D4CC3628851FDE0091B16D /* PetListUseCase.swift */,
				95D4CC38288520080091B16D /* PetListUseCaseImplementation.swift */,
			);
			path = UseCase;
			sourceTree = "<group>";
		};
		95D4CC3A28852E6F0091B16D /* Presentation */ = {
			isa = PBXGroup;
			children = (
				95D4CC3B28852E7D0091B16D /* PetList */,
			);
			path = Presentation;
			sourceTree = "<group>";
		};
		95D4CC3B28852E7D0091B16D /* PetList */ = {
			isa = PBXGroup;
			children = (
				958C910D288E6CA40096D8F3 /* AccessibilityIdentifier */,
				95F45276288557B100581B6E /* Flow */,
				95D4CC3D28852E9C0091B16D /* ViewModel */,
				95D4CC3C28852E960091B16D /* View */,
			);
			path = PetList;
			sourceTree = "<group>";
		};
		95D4CC3C28852E960091B16D /* View */ = {
			isa = PBXGroup;
			children = (
				95F4526B288548E400581B6E /* TableView */,
				95561CB4288089C8000B07B8 /* PetListStoryboard.storyboard */,
				95D4CC4828853FDA0091B16D /* PetListViewController.swift */,
			);
			path = View;
			sourceTree = "<group>";
		};
		95D4CC3D28852E9C0091B16D /* ViewModel */ = {
			isa = PBXGroup;
			children = (
				95D4CC3E28852EDC0091B16D /* PetListItemViewmodel.swift */,
				95D4CC4028852F550091B16D /* PetListViewModel.swift */,
			);
			path = ViewModel;
			sourceTree = "<group>";
		};
		95F452642885453200581B6E /* Cell */ = {
			isa = PBXGroup;
			children = (
				95F452652885454900581B6E /* PetInfoTableViewCell.swift */,
				95F452662885454900581B6E /* PetInfoTableViewCell.xib */,
			);
			path = Cell;
			sourceTree = "<group>";
		};
		95F4526B288548E400581B6E /* TableView */ = {
			isa = PBXGroup;
			children = (
				95F45269288545DE00581B6E /* PetListTableView.swift */,
				95F452642885453200581B6E /* Cell */,
			);
			path = TableView;
			sourceTree = "<group>";
		};
		95F45276288557B100581B6E /* Flow */ = {
			isa = PBXGroup;
			children = (
				95F45277288557DB00581B6E /* PetModuleFlow.swift */,
			);
			path = Flow;
			sourceTree = "<group>";
		};
		95F452792885588200581B6E /* DependencyInjection */ = {
			isa = PBXGroup;
			children = (
				95F4527A2885589900581B6E /* PetModuleDIContainer.swift */,
				95F4527C28855BA900581B6E /* AppDIContainer.swift */,
			);
			path = DependencyInjection;
			sourceTree = "<group>";
		};
		95F452842885881A00581B6E /* Network */ = {
			isa = PBXGroup;
			children = (
				95561CEB288145E2000B07B8 /* MockObjects */,
				95561CC5288089C9000B07B8 /* TestNetworkService.swift */,
				95725AAE2883FC420046FF6F /* TestNetworkManager.swift */,
			);
			path = Network;
			sourceTree = "<group>";
		};
		95F452852885882F00581B6E /* UseCases */ = {
			isa = PBXGroup;
			children = (
				95F452862885884200581B6E /* TestPetListUseCase.swift */,
			);
			path = UseCases;
			sourceTree = "<group>";
		};
		95F452932885903C00581B6E /* Presentation */ = {
			isa = PBXGroup;
			children = (
				95F452942885905500581B6E /* TestPetListviewModel.swift */,
			);
			path = Presentation;
			sourceTree = "<group>";
		};
		A2CEE12996EC219515EC1579 /* Pods */ = {
			isa = PBXGroup;
			children = (
				1FAE35DB53DE041898691D36 /* Pods-MVVM_Clean_TestCases.debug.xcconfig */,
				9518BBFA496611F76D27416C /* Pods-MVVM_Clean_TestCases.development.xcconfig */,
				E7FC09474D35B29EFD009BA3 /* Pods-MVVM_Clean_TestCases.release.xcconfig */,
				7ED4C4306A50AEAA1CFE9D23 /* Pods-MVVM_Clean_TestCases-MVVM_Clean_TestCasesUITests.debug.xcconfig */,
				60B11BF83BEF9BD82C66CC5A /* Pods-MVVM_Clean_TestCases-MVVM_Clean_TestCasesUITests.development.xcconfig */,
				CDD5964A13C0C755DDEBA014 /* Pods-MVVM_Clean_TestCases-MVVM_Clean_TestCasesUITests.release.xcconfig */,
				7A5F225F6684422236ED017D /* Pods-MVVM_Clean_TestCasesTests.debug.xcconfig */,
				8113E0FB3B471A36DC9957B2 /* Pods-MVVM_Clean_TestCasesTests.development.xcconfig */,
				41898876DA6CA2994F49095E /* Pods-MVVM_Clean_TestCasesTests.release.xcconfig */,
			);
			path = Pods;
			sourceTree = "<group>";
		};
/* End PBXGroup section */

/* Begin PBXNativeTarget section */
		95561CAA288089C8000B07B8 /* MVVM_Clean_TestCases */ = {
			isa = PBXNativeTarget;
			buildConfigurationList = 95561CD5288089C9000B07B8 /* Build configuration list for PBXNativeTarget "MVVM_Clean_TestCases" */;
			buildPhases = (
				517418F7B58D7012E0104BB0 /* [CP] Check Pods Manifest.lock */,
				95561CA7288089C8000B07B8 /* Sources */,
				95561CA8288089C8000B07B8 /* Frameworks */,
				95561CA9288089C8000B07B8 /* Resources */,
				582C2D937CA143F77B1B89DF /* [CP] Embed Pods Frameworks */,
			);
			buildRules = (
			);
			dependencies = (
			);
			name = MVVM_Clean_TestCases;
			productName = MVVM_Clean_TestCases;
			productReference = 95561CAB288089C8000B07B8 /* MVVM_Clean_TestCases.app */;
			productType = "com.apple.product-type.application";
		};
		95561CC0288089C9000B07B8 /* MVVM_Clean_TestCasesTests */ = {
			isa = PBXNativeTarget;
			buildConfigurationList = 95561CD8288089C9000B07B8 /* Build configuration list for PBXNativeTarget "MVVM_Clean_TestCasesTests" */;
			buildPhases = (
				D9BF5A1FCCE31DC9A222066D /* [CP] Check Pods Manifest.lock */,
				95561CBD288089C9000B07B8 /* Sources */,
				95561CBE288089C9000B07B8 /* Frameworks */,
				95561CBF288089C9000B07B8 /* Resources */,
				BAADE3FD18EB99BF40FA2953 /* [CP] Embed Pods Frameworks */,
			);
			buildRules = (
			);
			dependencies = (
				95561CC3288089C9000B07B8 /* PBXTargetDependency */,
			);
			name = MVVM_Clean_TestCasesTests;
			productName = MVVM_Clean_TestCasesTests;
			productReference = 95561CC1288089C9000B07B8 /* MVVM_Clean_TestCasesTests.xctest */;
			productType = "com.apple.product-type.bundle.unit-test";
		};
		95561CCA288089C9000B07B8 /* MVVM_Clean_TestCasesUITests */ = {
			isa = PBXNativeTarget;
			buildConfigurationList = 95561CDB288089C9000B07B8 /* Build configuration list for PBXNativeTarget "MVVM_Clean_TestCasesUITests" */;
			buildPhases = (
				5F9738414E9128F6412CE1FD /* [CP] Check Pods Manifest.lock */,
				95561CC7288089C9000B07B8 /* Sources */,
				95561CC8288089C9000B07B8 /* Frameworks */,
				95561CC9288089C9000B07B8 /* Resources */,
				DE1B949F50DE91CE9C7A565D /* [CP] Embed Pods Frameworks */,
			);
			buildRules = (
			);
			dependencies = (
				95561CCD288089C9000B07B8 /* PBXTargetDependency */,
			);
			name = MVVM_Clean_TestCasesUITests;
			productName = MVVM_Clean_TestCasesUITests;
			productReference = 95561CCB288089C9000B07B8 /* MVVM_Clean_TestCasesUITests.xctest */;
			productType = "com.apple.product-type.bundle.ui-testing";
		};
/* End PBXNativeTarget section */

/* Begin PBXProject section */
		95561CA3288089C8000B07B8 /* Project object */ = {
			isa = PBXProject;
			attributes = {
				BuildIndependentTargetsInParallel = 1;
				LastSwiftUpdateCheck = 1340;
				LastUpgradeCheck = 1340;
				TargetAttributes = {
					95561CAA288089C8000B07B8 = {
						CreatedOnToolsVersion = 13.4.1;
					};
					95561CC0288089C9000B07B8 = {
						CreatedOnToolsVersion = 13.4.1;
						TestTargetID = 95561CAA288089C8000B07B8;
					};
					95561CCA288089C9000B07B8 = {
						CreatedOnToolsVersion = 13.4.1;
						TestTargetID = 95561CAA288089C8000B07B8;
					};
				};
			};
			buildConfigurationList = 95561CA6288089C8000B07B8 /* Build configuration list for PBXProject "MVVM_Clean_TestCases" */;
			compatibilityVersion = "Xcode 13.0";
			developmentRegion = en;
			hasScannedForEncodings = 0;
			knownRegions = (
				en,
				Base,
			);
			mainGroup = 95561CA2288089C8000B07B8;
			productRefGroup = 95561CAC288089C8000B07B8 /* Products */;
			projectDirPath = "";
			projectRoot = "";
			targets = (
				95561CAA288089C8000B07B8 /* MVVM_Clean_TestCases */,
				95561CC0288089C9000B07B8 /* MVVM_Clean_TestCasesTests */,
				95561CCA288089C9000B07B8 /* MVVM_Clean_TestCasesUITests */,
			);
		};
/* End PBXProject section */

/* Begin PBXResourcesBuildPhase section */
		95561CA9288089C8000B07B8 /* Resources */ = {
			isa = PBXResourcesBuildPhase;
			buildActionMask = 2147483647;
			files = (
				95561CBB288089C9000B07B8 /* LaunchScreen.storyboard in Resources */,
				95F452682885454900581B6E /* PetInfoTableViewCell.xib in Resources */,
				95561CB8288089C9000B07B8 /* Assets.xcassets in Resources */,
				95561CB6288089C8000B07B8 /* PetListStoryboard.storyboard in Resources */,
			);
			runOnlyForDeploymentPostprocessing = 0;
		};
		95561CBF288089C9000B07B8 /* Resources */ = {
			isa = PBXResourcesBuildPhase;
			buildActionMask = 2147483647;
			files = (
			);
			runOnlyForDeploymentPostprocessing = 0;
		};
		95561CC9288089C9000B07B8 /* Resources */ = {
			isa = PBXResourcesBuildPhase;
			buildActionMask = 2147483647;
			files = (
			);
			runOnlyForDeploymentPostprocessing = 0;
		};
/* End PBXResourcesBuildPhase section */

/* Begin PBXShellScriptBuildPhase section */
		517418F7B58D7012E0104BB0 /* [CP] Check Pods Manifest.lock */ = {
			isa = PBXShellScriptBuildPhase;
			buildActionMask = 2147483647;
			files = (
			);
			inputFileListPaths = (
			);
			inputPaths = (
				"${PODS_PODFILE_DIR_PATH}/Podfile.lock",
				"${PODS_ROOT}/Manifest.lock",
			);
			name = "[CP] Check Pods Manifest.lock";
			outputFileListPaths = (
			);
			outputPaths = (
				"$(DERIVED_FILE_DIR)/Pods-MVVM_Clean_TestCases-checkManifestLockResult.txt",
			);
			runOnlyForDeploymentPostprocessing = 0;
			shellPath = /bin/sh;
			shellScript = "diff \"${PODS_PODFILE_DIR_PATH}/Podfile.lock\" \"${PODS_ROOT}/Manifest.lock\" > /dev/null\nif [ $? != 0 ] ; then\n    # print error to STDERR\n    echo \"error: The sandbox is not in sync with the Podfile.lock. Run 'pod install' or update your CocoaPods installation.\" >&2\n    exit 1\nfi\n# This output is used by Xcode 'outputs' to avoid re-running this script phase.\necho \"SUCCESS\" > \"${SCRIPT_OUTPUT_FILE_0}\"\n";
			showEnvVarsInLog = 0;
		};
		582C2D937CA143F77B1B89DF /* [CP] Embed Pods Frameworks */ = {
			isa = PBXShellScriptBuildPhase;
			buildActionMask = 2147483647;
			files = (
			);
			inputFileListPaths = (
				"${PODS_ROOT}/Target Support Files/Pods-MVVM_Clean_TestCases/Pods-MVVM_Clean_TestCases-frameworks-${CONFIGURATION}-input-files.xcfilelist",
			);
			name = "[CP] Embed Pods Frameworks";
			outputFileListPaths = (
				"${PODS_ROOT}/Target Support Files/Pods-MVVM_Clean_TestCases/Pods-MVVM_Clean_TestCases-frameworks-${CONFIGURATION}-output-files.xcfilelist",
			);
			runOnlyForDeploymentPostprocessing = 0;
			shellPath = /bin/sh;
			shellScript = "\"${PODS_ROOT}/Target Support Files/Pods-MVVM_Clean_TestCases/Pods-MVVM_Clean_TestCases-frameworks.sh\"\n";
			showEnvVarsInLog = 0;
		};
		5F9738414E9128F6412CE1FD /* [CP] Check Pods Manifest.lock */ = {
			isa = PBXShellScriptBuildPhase;
			buildActionMask = 2147483647;
			files = (
			);
			inputFileListPaths = (
			);
			inputPaths = (
				"${PODS_PODFILE_DIR_PATH}/Podfile.lock",
				"${PODS_ROOT}/Manifest.lock",
			);
			name = "[CP] Check Pods Manifest.lock";
			outputFileListPaths = (
			);
			outputPaths = (
				"$(DERIVED_FILE_DIR)/Pods-MVVM_Clean_TestCases-MVVM_Clean_TestCasesUITests-checkManifestLockResult.txt",
			);
			runOnlyForDeploymentPostprocessing = 0;
			shellPath = /bin/sh;
			shellScript = "diff \"${PODS_PODFILE_DIR_PATH}/Podfile.lock\" \"${PODS_ROOT}/Manifest.lock\" > /dev/null\nif [ $? != 0 ] ; then\n    # print error to STDERR\n    echo \"error: The sandbox is not in sync with the Podfile.lock. Run 'pod install' or update your CocoaPods installation.\" >&2\n    exit 1\nfi\n# This output is used by Xcode 'outputs' to avoid re-running this script phase.\necho \"SUCCESS\" > \"${SCRIPT_OUTPUT_FILE_0}\"\n";
			showEnvVarsInLog = 0;
		};
		BAADE3FD18EB99BF40FA2953 /* [CP] Embed Pods Frameworks */ = {
			isa = PBXShellScriptBuildPhase;
			buildActionMask = 2147483647;
			files = (
			);
			inputFileListPaths = (
				"${PODS_ROOT}/Target Support Files/Pods-MVVM_Clean_TestCasesTests/Pods-MVVM_Clean_TestCasesTests-frameworks-${CONFIGURATION}-input-files.xcfilelist",
			);
			name = "[CP] Embed Pods Frameworks";
			outputFileListPaths = (
				"${PODS_ROOT}/Target Support Files/Pods-MVVM_Clean_TestCasesTests/Pods-MVVM_Clean_TestCasesTests-frameworks-${CONFIGURATION}-output-files.xcfilelist",
			);
			runOnlyForDeploymentPostprocessing = 0;
			shellPath = /bin/sh;
			shellScript = "\"${PODS_ROOT}/Target Support Files/Pods-MVVM_Clean_TestCasesTests/Pods-MVVM_Clean_TestCasesTests-frameworks.sh\"\n";
			showEnvVarsInLog = 0;
		};
		D9BF5A1FCCE31DC9A222066D /* [CP] Check Pods Manifest.lock */ = {
			isa = PBXShellScriptBuildPhase;
			buildActionMask = 2147483647;
			files = (
			);
			inputFileListPaths = (
			);
			inputPaths = (
				"${PODS_PODFILE_DIR_PATH}/Podfile.lock",
				"${PODS_ROOT}/Manifest.lock",
			);
			name = "[CP] Check Pods Manifest.lock";
			outputFileListPaths = (
			);
			outputPaths = (
				"$(DERIVED_FILE_DIR)/Pods-MVVM_Clean_TestCasesTests-checkManifestLockResult.txt",
			);
			runOnlyForDeploymentPostprocessing = 0;
			shellPath = /bin/sh;
			shellScript = "diff \"${PODS_PODFILE_DIR_PATH}/Podfile.lock\" \"${PODS_ROOT}/Manifest.lock\" > /dev/null\nif [ $? != 0 ] ; then\n    # print error to STDERR\n    echo \"error: The sandbox is not in sync with the Podfile.lock. Run 'pod install' or update your CocoaPods installation.\" >&2\n    exit 1\nfi\n# This output is used by Xcode 'outputs' to avoid re-running this script phase.\necho \"SUCCESS\" > \"${SCRIPT_OUTPUT_FILE_0}\"\n";
			showEnvVarsInLog = 0;
		};
		DE1B949F50DE91CE9C7A565D /* [CP] Embed Pods Frameworks */ = {
			isa = PBXShellScriptBuildPhase;
			buildActionMask = 2147483647;
			files = (
			);
			inputFileListPaths = (
				"${PODS_ROOT}/Target Support Files/Pods-MVVM_Clean_TestCases-MVVM_Clean_TestCasesUITests/Pods-MVVM_Clean_TestCases-MVVM_Clean_TestCasesUITests-frameworks-${CONFIGURATION}-input-files.xcfilelist",
			);
			name = "[CP] Embed Pods Frameworks";
			outputFileListPaths = (
				"${PODS_ROOT}/Target Support Files/Pods-MVVM_Clean_TestCases-MVVM_Clean_TestCasesUITests/Pods-MVVM_Clean_TestCases-MVVM_Clean_TestCasesUITests-frameworks-${CONFIGURATION}-output-files.xcfilelist",
			);
			runOnlyForDeploymentPostprocessing = 0;
			shellPath = /bin/sh;
			shellScript = "\"${PODS_ROOT}/Target Support Files/Pods-MVVM_Clean_TestCases-MVVM_Clean_TestCasesUITests/Pods-MVVM_Clean_TestCases-MVVM_Clean_TestCasesUITests-frameworks.sh\"\n";
			showEnvVarsInLog = 0;
		};
/* End PBXShellScriptBuildPhase section */

/* Begin PBXSourcesBuildPhase section */
		95561CA7288089C8000B07B8 /* Sources */ = {
			isa = PBXSourcesBuildPhase;
			buildActionMask = 2147483647;
			files = (
				958C9119288FAA710096D8F3 /* PetListNetworkService.swift in Sources */,
				95561CFF2881CB87000B07B8 /* NetworkSessionManager.swift in Sources */,
				95D4CC39288520080091B16D /* PetListUseCaseImplementation.swift in Sources */,
				95D4CC4928853FDA0091B16D /* PetListViewController.swift in Sources */,
				95D4CC2228846D190091B16D /* PetListResponseDTO.swift in Sources */,
				95F4526D2885496900581B6E /* PetListAccessibilityIdentifier.swift in Sources */,
				95F452752885564100581B6E /* AlertUtility.swift in Sources */,
				95D4CC4128852F550091B16D /* PetListViewModel.swift in Sources */,
				95D4CC3F28852EDC0091B16D /* PetListItemViewmodel.swift in Sources */,
				95F4527F2885696000581B6E /* AppFlow.swift in Sources */,
				95F4526A288545DE00581B6E /* PetListTableView.swift in Sources */,
				95D4CC29288476A90091B16D /* PetListRepositoryImplementation.swift in Sources */,
				95561CEA28813B6E000B07B8 /* NetworkLogger.swift in Sources */,
				95D4CC342885118B0091B16D /* APIEndPoint.swift in Sources */,
				95F452732885547F00581B6E /* LoaderUtility.swift in Sources */,
				95D4CC3728851FDE0091B16D /* PetListUseCase.swift in Sources */,
				95561CED28814610000B07B8 /* NetworkError.swift in Sources */,
				95D4CC3028847B700091B16D /* APIV1.swift in Sources */,
				95F4527D28855BA900581B6E /* AppDIContainer.swift in Sources */,
				95F452A32886832E00581B6E /* NetworkBaseConfiguration.swift in Sources */,
				958C9114288ECA8B0096D8F3 /* PetInfoModel.swift in Sources */,
				95561CF1288147B8000B07B8 /* NetworkManager.swift in Sources */,
				95F4527B2885589900581B6E /* PetModuleDIContainer.swift in Sources */,
				95561CE128808AAB000B07B8 /* APIRequestConfiguration.swift in Sources */,
				95561CE4288095E6000B07B8 /* PListUtility.swift in Sources */,
				95561CAF288089C8000B07B8 /* AppDelegate.swift in Sources */,
				95F45278288557DB00581B6E /* PetModuleFlow.swift in Sources */,
				95D4CC2528846EA00091B16D /* PetListRepository.swift in Sources */,
				95F452672885454900581B6E /* PetInfoTableViewCell.swift in Sources */,
				95561CEF28814763000B07B8 /* NetworkService.swift in Sources */,
				95D4CC44288531220091B16D /* Observable.swift in Sources */,
			);
			runOnlyForDeploymentPostprocessing = 0;
		};
		95561CBD288089C9000B07B8 /* Sources */ = {
			isa = PBXSourcesBuildPhase;
			buildActionMask = 2147483647;
			files = (
				95561D002881D070000B07B8 /* NetworkSessionManager.swift in Sources */,
				95F4528A2885893E00581B6E /* PetListUseCaseImplementation.swift in Sources */,
				95561CF628814A3A000B07B8 /* NetworkLogger.swift in Sources */,
				95F4529C28859A5E00581B6E /* PetListAccessibilityIdentifier.swift in Sources */,
				95561CF428814A30000B07B8 /* NetworkManager.swift in Sources */,
				95561CC6288089C9000B07B8 /* TestNetworkService.swift in Sources */,
				95F452952885905600581B6E /* TestPetListviewModel.swift in Sources */,
				95561CF328814A2C000B07B8 /* NetworkService.swift in Sources */,
				95561CF228814A24000B07B8 /* APIRequestConfiguration.swift in Sources */,
				95561CF528814A36000B07B8 /* NetworkError.swift in Sources */,
				95F452832885842100581B6E /* MockAPIRequestConfiguration.swift in Sources */,
				95F4529A2885942D00581B6E /* Observable.swift in Sources */,
				958C9117288ED1770096D8F3 /* PetListResponseDTO.swift in Sources */,
				95F4528F28858DE800581B6E /* APIEndPoint.swift in Sources */,
				95F452992885927C00581B6E /* PetListViewModel.swift in Sources */,
				95D4CC4728853EAC0091B16D /* PListUtility.swift in Sources */,
				95F4529028858DF500581B6E /* APIV1.swift in Sources */,
				95F452892885893B00581B6E /* PetListUseCase.swift in Sources */,
				95F4528C2885897E00581B6E /* PetListRepository.swift in Sources */,
				95F4528B2885897700581B6E /* PetListRepositoryImplementation.swift in Sources */,
				95F4529B2885943400581B6E /* PetListItemViewmodel.swift in Sources */,
				95725AAF2883FC420046FF6F /* TestNetworkManager.swift in Sources */,
				95F452872885884200581B6E /* TestPetListUseCase.swift in Sources */,
				95561CFA28814B88000B07B8 /* MockNetworkSessionManager.swift in Sources */,
				95561CF828814ADD000B07B8 /* MockAPIRequestConfig.swift in Sources */,
				958C9116288ED1680096D8F3 /* PetInfoModel.swift in Sources */,
				958C911A288FAE3D0096D8F3 /* PetListNetworkService.swift in Sources */,
				95F452A4288683F500581B6E /* NetworkBaseConfiguration.swift in Sources */,
			);
			runOnlyForDeploymentPostprocessing = 0;
		};
		95561CC7288089C9000B07B8 /* Sources */ = {
			isa = PBXSourcesBuildPhase;
			buildActionMask = 2147483647;
			files = (
				95561CD0288089C9000B07B8 /* MVVM_Clean_TestCasesUITests.swift in Sources */,
				95F4529D28859A5E00581B6E /* PetListAccessibilityIdentifier.swift in Sources */,
			);
			runOnlyForDeploymentPostprocessing = 0;
		};
/* End PBXSourcesBuildPhase section */

/* Begin PBXTargetDependency section */
		95561CC3288089C9000B07B8 /* PBXTargetDependency */ = {
			isa = PBXTargetDependency;
			target = 95561CAA288089C8000B07B8 /* MVVM_Clean_TestCases */;
			targetProxy = 95561CC2288089C9000B07B8 /* PBXContainerItemProxy */;
		};
		95561CCD288089C9000B07B8 /* PBXTargetDependency */ = {
			isa = PBXTargetDependency;
			target = 95561CAA288089C8000B07B8 /* MVVM_Clean_TestCases */;
			targetProxy = 95561CCC288089C9000B07B8 /* PBXContainerItemProxy */;
		};
/* End PBXTargetDependency section */

/* Begin PBXVariantGroup section */
		95561CB4288089C8000B07B8 /* PetListStoryboard.storyboard */ = {
			isa = PBXVariantGroup;
			children = (
				95561CB5288089C8000B07B8 /* Base */,
			);
			name = PetListStoryboard.storyboard;
			sourceTree = "<group>";
		};
		95561CB9288089C9000B07B8 /* LaunchScreen.storyboard */ = {
			isa = PBXVariantGroup;
			children = (
				95561CBA288089C9000B07B8 /* Base */,
			);
			name = LaunchScreen.storyboard;
			sourceTree = "<group>";
		};
/* End PBXVariantGroup section */

/* Begin XCBuildConfiguration section */
		95561CD3288089C9000B07B8 /* Debug */ = {
			isa = XCBuildConfiguration;
			buildSettings = {
				ALWAYS_SEARCH_USER_PATHS = NO;
				CLANG_ANALYZER_NONNULL = YES;
				CLANG_ANALYZER_NUMBER_OBJECT_CONVERSION = YES_AGGRESSIVE;
				CLANG_CXX_LANGUAGE_STANDARD = "gnu++17";
				CLANG_ENABLE_MODULES = YES;
				CLANG_ENABLE_OBJC_ARC = YES;
				CLANG_ENABLE_OBJC_WEAK = YES;
				CLANG_WARN_BLOCK_CAPTURE_AUTORELEASING = YES;
				CLANG_WARN_BOOL_CONVERSION = YES;
				CLANG_WARN_COMMA = YES;
				CLANG_WARN_CONSTANT_CONVERSION = YES;
				CLANG_WARN_DEPRECATED_OBJC_IMPLEMENTATIONS = YES;
				CLANG_WARN_DIRECT_OBJC_ISA_USAGE = YES_ERROR;
				CLANG_WARN_DOCUMENTATION_COMMENTS = YES;
				CLANG_WARN_EMPTY_BODY = YES;
				CLANG_WARN_ENUM_CONVERSION = YES;
				CLANG_WARN_INFINITE_RECURSION = YES;
				CLANG_WARN_INT_CONVERSION = YES;
				CLANG_WARN_NON_LITERAL_NULL_CONVERSION = YES;
				CLANG_WARN_OBJC_IMPLICIT_RETAIN_SELF = YES;
				CLANG_WARN_OBJC_LITERAL_CONVERSION = YES;
				CLANG_WARN_OBJC_ROOT_CLASS = YES_ERROR;
				CLANG_WARN_QUOTED_INCLUDE_IN_FRAMEWORK_HEADER = YES;
				CLANG_WARN_RANGE_LOOP_ANALYSIS = YES;
				CLANG_WARN_STRICT_PROTOTYPES = YES;
				CLANG_WARN_SUSPICIOUS_MOVE = YES;
				CLANG_WARN_UNGUARDED_AVAILABILITY = YES_AGGRESSIVE;
				CLANG_WARN_UNREACHABLE_CODE = YES;
				CLANG_WARN__DUPLICATE_METHOD_MATCH = YES;
				COPY_PHASE_STRIP = NO;
				DEBUG_INFORMATION_FORMAT = dwarf;
				ENABLE_STRICT_OBJC_MSGSEND = YES;
				ENABLE_TESTABILITY = YES;
				GCC_C_LANGUAGE_STANDARD = gnu11;
				GCC_DYNAMIC_NO_PIC = NO;
				GCC_NO_COMMON_BLOCKS = YES;
				GCC_OPTIMIZATION_LEVEL = 0;
				GCC_PREPROCESSOR_DEFINITIONS = (
					"DEBUG=1",
					"$(inherited)",
				);
				GCC_WARN_64_TO_32_BIT_CONVERSION = YES;
				GCC_WARN_ABOUT_RETURN_TYPE = YES_ERROR;
				GCC_WARN_UNDECLARED_SELECTOR = YES;
				GCC_WARN_UNINITIALIZED_AUTOS = YES_AGGRESSIVE;
				GCC_WARN_UNUSED_FUNCTION = YES;
				GCC_WARN_UNUSED_VARIABLE = YES;
				IPHONEOS_DEPLOYMENT_TARGET = 15.0;
				MTL_ENABLE_DEBUG_INFO = INCLUDE_SOURCE;
				MTL_FAST_MATH = YES;
				ONLY_ACTIVE_ARCH = YES;
				SDKROOT = iphoneos;
				SWIFT_ACTIVE_COMPILATION_CONDITIONS = DEBUG;
				SWIFT_OPTIMIZATION_LEVEL = "-Onone";
			};
			name = Debug;
		};
		95561CD4288089C9000B07B8 /* Release */ = {
			isa = XCBuildConfiguration;
			buildSettings = {
				ALWAYS_SEARCH_USER_PATHS = NO;
				CLANG_ANALYZER_NONNULL = YES;
				CLANG_ANALYZER_NUMBER_OBJECT_CONVERSION = YES_AGGRESSIVE;
				CLANG_CXX_LANGUAGE_STANDARD = "gnu++17";
				CLANG_ENABLE_MODULES = YES;
				CLANG_ENABLE_OBJC_ARC = YES;
				CLANG_ENABLE_OBJC_WEAK = YES;
				CLANG_WARN_BLOCK_CAPTURE_AUTORELEASING = YES;
				CLANG_WARN_BOOL_CONVERSION = YES;
				CLANG_WARN_COMMA = YES;
				CLANG_WARN_CONSTANT_CONVERSION = YES;
				CLANG_WARN_DEPRECATED_OBJC_IMPLEMENTATIONS = YES;
				CLANG_WARN_DIRECT_OBJC_ISA_USAGE = YES_ERROR;
				CLANG_WARN_DOCUMENTATION_COMMENTS = YES;
				CLANG_WARN_EMPTY_BODY = YES;
				CLANG_WARN_ENUM_CONVERSION = YES;
				CLANG_WARN_INFINITE_RECURSION = YES;
				CLANG_WARN_INT_CONVERSION = YES;
				CLANG_WARN_NON_LITERAL_NULL_CONVERSION = YES;
				CLANG_WARN_OBJC_IMPLICIT_RETAIN_SELF = YES;
				CLANG_WARN_OBJC_LITERAL_CONVERSION = YES;
				CLANG_WARN_OBJC_ROOT_CLASS = YES_ERROR;
				CLANG_WARN_QUOTED_INCLUDE_IN_FRAMEWORK_HEADER = YES;
				CLANG_WARN_RANGE_LOOP_ANALYSIS = YES;
				CLANG_WARN_STRICT_PROTOTYPES = YES;
				CLANG_WARN_SUSPICIOUS_MOVE = YES;
				CLANG_WARN_UNGUARDED_AVAILABILITY = YES_AGGRESSIVE;
				CLANG_WARN_UNREACHABLE_CODE = YES;
				CLANG_WARN__DUPLICATE_METHOD_MATCH = YES;
				COPY_PHASE_STRIP = NO;
				DEBUG_INFORMATION_FORMAT = "dwarf-with-dsym";
				ENABLE_NS_ASSERTIONS = NO;
				ENABLE_STRICT_OBJC_MSGSEND = YES;
				GCC_C_LANGUAGE_STANDARD = gnu11;
				GCC_NO_COMMON_BLOCKS = YES;
				GCC_WARN_64_TO_32_BIT_CONVERSION = YES;
				GCC_WARN_ABOUT_RETURN_TYPE = YES_ERROR;
				GCC_WARN_UNDECLARED_SELECTOR = YES;
				GCC_WARN_UNINITIALIZED_AUTOS = YES_AGGRESSIVE;
				GCC_WARN_UNUSED_FUNCTION = YES;
				GCC_WARN_UNUSED_VARIABLE = YES;
				IPHONEOS_DEPLOYMENT_TARGET = 15.0;
				MTL_ENABLE_DEBUG_INFO = NO;
				MTL_FAST_MATH = YES;
				SDKROOT = iphoneos;
				SWIFT_COMPILATION_MODE = wholemodule;
				SWIFT_OPTIMIZATION_LEVEL = "-O";
				VALIDATE_PRODUCT = YES;
			};
			name = Release;
		};
		95561CD6288089C9000B07B8 /* Debug */ = {
			isa = XCBuildConfiguration;
			baseConfigurationReference = 1FAE35DB53DE041898691D36 /* Pods-MVVM_Clean_TestCases.debug.xcconfig */;
			buildSettings = {
				ASSETCATALOG_COMPILER_APPICON_NAME = AppIcon;
				ASSETCATALOG_COMPILER_GLOBAL_ACCENT_COLOR_NAME = AccentColor;
				CODE_SIGN_STYLE = Automatic;
				CURRENT_PROJECT_VERSION = 1;
				GENERATE_INFOPLIST_FILE = YES;
				INFOPLIST_FILE = "$(SRCROOT)/MVVM_Clean_TestCases/AppConfiguration/Info.plist";
				INFOPLIST_KEY_UIApplicationSupportsIndirectInputEvents = YES;
				INFOPLIST_KEY_UILaunchStoryboardName = LaunchScreen;
				INFOPLIST_KEY_UIMainStoryboardFile = PetListStoryboard;
				INFOPLIST_KEY_UISupportedInterfaceOrientations = "UIInterfaceOrientationPortrait UIInterfaceOrientationLandscapeLeft UIInterfaceOrientationLandscapeRight";
				INFOPLIST_KEY_UISupportedInterfaceOrientations_iPad = "UIInterfaceOrientationPortrait UIInterfaceOrientationPortraitUpsideDown UIInterfaceOrientationLandscapeLeft UIInterfaceOrientationLandscapeRight";
				INFOPLIST_KEY_UISupportedInterfaceOrientations_iPhone = "UIInterfaceOrientationPortrait UIInterfaceOrientationLandscapeLeft UIInterfaceOrientationLandscapeRight";
				LD_RUNPATH_SEARCH_PATHS = (
					"$(inherited)",
					"@executable_path/Frameworks",
				);
				MARKETING_VERSION = 1.0;
				PRODUCT_BUNDLE_IDENTIFIER = "com.test.MVVM-Clean-TestCases";
				PRODUCT_NAME = "$(TARGET_NAME)";
				SWIFT_EMIT_LOC_STRINGS = YES;
				SWIFT_VERSION = 5.0;
				TARGETED_DEVICE_FAMILY = "1,2";
			};
			name = Debug;
		};
		95561CD7288089C9000B07B8 /* Release */ = {
			isa = XCBuildConfiguration;
			baseConfigurationReference = E7FC09474D35B29EFD009BA3 /* Pods-MVVM_Clean_TestCases.release.xcconfig */;
			buildSettings = {
				ASSETCATALOG_COMPILER_APPICON_NAME = AppIcon;
				ASSETCATALOG_COMPILER_GLOBAL_ACCENT_COLOR_NAME = AccentColor;
				CODE_SIGN_STYLE = Automatic;
				CURRENT_PROJECT_VERSION = 1;
				GENERATE_INFOPLIST_FILE = YES;
				INFOPLIST_FILE = "$(SRCROOT)/MVVM_Clean_TestCases/AppConfiguration/Info.plist";
				INFOPLIST_KEY_UIApplicationSupportsIndirectInputEvents = YES;
				INFOPLIST_KEY_UILaunchStoryboardName = LaunchScreen;
				INFOPLIST_KEY_UIMainStoryboardFile = PetListStoryboard;
				INFOPLIST_KEY_UISupportedInterfaceOrientations = "UIInterfaceOrientationPortrait UIInterfaceOrientationLandscapeLeft UIInterfaceOrientationLandscapeRight";
				INFOPLIST_KEY_UISupportedInterfaceOrientations_iPad = "UIInterfaceOrientationPortrait UIInterfaceOrientationPortraitUpsideDown UIInterfaceOrientationLandscapeLeft UIInterfaceOrientationLandscapeRight";
				INFOPLIST_KEY_UISupportedInterfaceOrientations_iPhone = "UIInterfaceOrientationPortrait UIInterfaceOrientationLandscapeLeft UIInterfaceOrientationLandscapeRight";
				LD_RUNPATH_SEARCH_PATHS = (
					"$(inherited)",
					"@executable_path/Frameworks",
				);
				MARKETING_VERSION = 1.0;
				PRODUCT_BUNDLE_IDENTIFIER = "com.test.MVVM-Clean-TestCases";
				PRODUCT_NAME = "$(TARGET_NAME)";
				SWIFT_EMIT_LOC_STRINGS = YES;
				SWIFT_VERSION = 5.0;
				TARGETED_DEVICE_FAMILY = "1,2";
			};
			name = Release;
		};
		95561CD9288089C9000B07B8 /* Debug */ = {
			isa = XCBuildConfiguration;
			baseConfigurationReference = 7A5F225F6684422236ED017D /* Pods-MVVM_Clean_TestCasesTests.debug.xcconfig */;
			buildSettings = {
				ALWAYS_EMBED_SWIFT_STANDARD_LIBRARIES = YES;
				BUNDLE_LOADER = "$(TEST_HOST)";
				CODE_SIGN_STYLE = Automatic;
				CURRENT_PROJECT_VERSION = 1;
				GENERATE_INFOPLIST_FILE = YES;
				IPHONEOS_DEPLOYMENT_TARGET = 15.5;
				MARKETING_VERSION = 1.0;
				PRODUCT_BUNDLE_IDENTIFIER = "com.test.MVVM-Clean-TestCasesTests";
				PRODUCT_NAME = "$(TARGET_NAME)";
				SWIFT_EMIT_LOC_STRINGS = NO;
				SWIFT_VERSION = 5.0;
				TARGETED_DEVICE_FAMILY = "1,2";
				TEST_HOST = "$(BUILT_PRODUCTS_DIR)/MVVM_Clean_TestCases.app/MVVM_Clean_TestCases";
			};
			name = Debug;
		};
		95561CDA288089C9000B07B8 /* Release */ = {
			isa = XCBuildConfiguration;
			baseConfigurationReference = 41898876DA6CA2994F49095E /* Pods-MVVM_Clean_TestCasesTests.release.xcconfig */;
			buildSettings = {
				ALWAYS_EMBED_SWIFT_STANDARD_LIBRARIES = YES;
				BUNDLE_LOADER = "$(TEST_HOST)";
				CODE_SIGN_STYLE = Automatic;
				CURRENT_PROJECT_VERSION = 1;
				GENERATE_INFOPLIST_FILE = YES;
				IPHONEOS_DEPLOYMENT_TARGET = 15.5;
				MARKETING_VERSION = 1.0;
				PRODUCT_BUNDLE_IDENTIFIER = "com.test.MVVM-Clean-TestCasesTests";
				PRODUCT_NAME = "$(TARGET_NAME)";
				SWIFT_EMIT_LOC_STRINGS = NO;
				SWIFT_VERSION = 5.0;
				TARGETED_DEVICE_FAMILY = "1,2";
				TEST_HOST = "$(BUILT_PRODUCTS_DIR)/MVVM_Clean_TestCases.app/MVVM_Clean_TestCases";
			};
			name = Release;
		};
		95561CDC288089C9000B07B8 /* Debug */ = {
			isa = XCBuildConfiguration;
			baseConfigurationReference = 7ED4C4306A50AEAA1CFE9D23 /* Pods-MVVM_Clean_TestCases-MVVM_Clean_TestCasesUITests.debug.xcconfig */;
			buildSettings = {
				ALWAYS_EMBED_SWIFT_STANDARD_LIBRARIES = YES;
				CODE_SIGN_STYLE = Automatic;
				CURRENT_PROJECT_VERSION = 1;
				GENERATE_INFOPLIST_FILE = YES;
				MARKETING_VERSION = 1.0;
				PRODUCT_BUNDLE_IDENTIFIER = "com.test.MVVM-Clean-TestCasesUITests";
				PRODUCT_NAME = "$(TARGET_NAME)";
				SWIFT_EMIT_LOC_STRINGS = NO;
				SWIFT_VERSION = 5.0;
				TARGETED_DEVICE_FAMILY = "1,2";
				TEST_TARGET_NAME = MVVM_Clean_TestCases;
			};
			name = Debug;
		};
		95561CDD288089C9000B07B8 /* Release */ = {
			isa = XCBuildConfiguration;
			baseConfigurationReference = CDD5964A13C0C755DDEBA014 /* Pods-MVVM_Clean_TestCases-MVVM_Clean_TestCasesUITests.release.xcconfig */;
			buildSettings = {
				ALWAYS_EMBED_SWIFT_STANDARD_LIBRARIES = YES;
				CODE_SIGN_STYLE = Automatic;
				CURRENT_PROJECT_VERSION = 1;
				GENERATE_INFOPLIST_FILE = YES;
				MARKETING_VERSION = 1.0;
				PRODUCT_BUNDLE_IDENTIFIER = "com.test.MVVM-Clean-TestCasesUITests";
				PRODUCT_NAME = "$(TARGET_NAME)";
				SWIFT_EMIT_LOC_STRINGS = NO;
				SWIFT_VERSION = 5.0;
				TARGETED_DEVICE_FAMILY = "1,2";
				TEST_TARGET_NAME = MVVM_Clean_TestCases;
			};
			name = Release;
		};
		95725AB2288466180046FF6F /* Development */ = {
			isa = XCBuildConfiguration;
			baseConfigurationReference = 95725AB1288465DE0046FF6F /* Development.xcconfig */;
			buildSettings = {
				ALWAYS_SEARCH_USER_PATHS = NO;
				CLANG_ANALYZER_NONNULL = YES;
				CLANG_ANALYZER_NUMBER_OBJECT_CONVERSION = YES_AGGRESSIVE;
				CLANG_CXX_LANGUAGE_STANDARD = "gnu++17";
				CLANG_ENABLE_MODULES = YES;
				CLANG_ENABLE_OBJC_ARC = YES;
				CLANG_ENABLE_OBJC_WEAK = YES;
				CLANG_WARN_BLOCK_CAPTURE_AUTORELEASING = YES;
				CLANG_WARN_BOOL_CONVERSION = YES;
				CLANG_WARN_COMMA = YES;
				CLANG_WARN_CONSTANT_CONVERSION = YES;
				CLANG_WARN_DEPRECATED_OBJC_IMPLEMENTATIONS = YES;
				CLANG_WARN_DIRECT_OBJC_ISA_USAGE = YES_ERROR;
				CLANG_WARN_DOCUMENTATION_COMMENTS = YES;
				CLANG_WARN_EMPTY_BODY = YES;
				CLANG_WARN_ENUM_CONVERSION = YES;
				CLANG_WARN_INFINITE_RECURSION = YES;
				CLANG_WARN_INT_CONVERSION = YES;
				CLANG_WARN_NON_LITERAL_NULL_CONVERSION = YES;
				CLANG_WARN_OBJC_IMPLICIT_RETAIN_SELF = YES;
				CLANG_WARN_OBJC_LITERAL_CONVERSION = YES;
				CLANG_WARN_OBJC_ROOT_CLASS = YES_ERROR;
				CLANG_WARN_QUOTED_INCLUDE_IN_FRAMEWORK_HEADER = YES;
				CLANG_WARN_RANGE_LOOP_ANALYSIS = YES;
				CLANG_WARN_STRICT_PROTOTYPES = YES;
				CLANG_WARN_SUSPICIOUS_MOVE = YES;
				CLANG_WARN_UNGUARDED_AVAILABILITY = YES_AGGRESSIVE;
				CLANG_WARN_UNREACHABLE_CODE = YES;
				CLANG_WARN__DUPLICATE_METHOD_MATCH = YES;
				COPY_PHASE_STRIP = NO;
				DEBUG_INFORMATION_FORMAT = dwarf;
				ENABLE_STRICT_OBJC_MSGSEND = YES;
				ENABLE_TESTABILITY = YES;
				GCC_C_LANGUAGE_STANDARD = gnu11;
				GCC_DYNAMIC_NO_PIC = NO;
				GCC_NO_COMMON_BLOCKS = YES;
				GCC_OPTIMIZATION_LEVEL = 0;
				GCC_PREPROCESSOR_DEFINITIONS = (
					"DEBUG=1",
					"$(inherited)",
				);
				GCC_WARN_64_TO_32_BIT_CONVERSION = YES;
				GCC_WARN_ABOUT_RETURN_TYPE = YES_ERROR;
				GCC_WARN_UNDECLARED_SELECTOR = YES;
				GCC_WARN_UNINITIALIZED_AUTOS = YES_AGGRESSIVE;
				GCC_WARN_UNUSED_FUNCTION = YES;
				GCC_WARN_UNUSED_VARIABLE = YES;
				IPHONEOS_DEPLOYMENT_TARGET = 15.0;
				MTL_ENABLE_DEBUG_INFO = INCLUDE_SOURCE;
				MTL_FAST_MATH = YES;
				ONLY_ACTIVE_ARCH = YES;
				SDKROOT = iphoneos;
				SWIFT_ACTIVE_COMPILATION_CONDITIONS = DEBUG;
				SWIFT_OPTIMIZATION_LEVEL = "-Onone";
			};
			name = Development;
		};
		95725AB3288466180046FF6F /* Development */ = {
			isa = XCBuildConfiguration;
			baseConfigurationReference = 95725AB1288465DE0046FF6F /* Development.xcconfig */;
			buildSettings = {
				ASSETCATALOG_COMPILER_APPICON_NAME = AppIcon;
				ASSETCATALOG_COMPILER_GLOBAL_ACCENT_COLOR_NAME = AccentColor;
				CODE_SIGN_STYLE = Automatic;
				CURRENT_PROJECT_VERSION = 1;
				FRAMEWORK_SEARCH_PATHS = (
					"$(inherited)",
					"\"${PODS_CONFIGURATION_BUILD_DIR}/ReachabilitySwift\"",
				);
				GENERATE_INFOPLIST_FILE = YES;
				HEADER_SEARCH_PATHS = (
					"$(inherited)",
					"\"${PODS_CONFIGURATION_BUILD_DIR}/ReachabilitySwift\"",
				);
				INFOPLIST_FILE = "$(SRCROOT)/MVVM_Clean_TestCases/AppConfiguration/Info.plist";
				INFOPLIST_KEY_UIApplicationSupportsIndirectInputEvents = YES;
				INFOPLIST_KEY_UILaunchStoryboardName = LaunchScreen;
				INFOPLIST_KEY_UIMainStoryboardFile = PetListStoryboard;
				INFOPLIST_KEY_UISupportedInterfaceOrientations = "UIInterfaceOrientationPortrait UIInterfaceOrientationLandscapeLeft UIInterfaceOrientationLandscapeRight";
				INFOPLIST_KEY_UISupportedInterfaceOrientations_iPad = "UIInterfaceOrientationPortrait UIInterfaceOrientationPortraitUpsideDown UIInterfaceOrientationLandscapeLeft UIInterfaceOrientationLandscapeRight";
				INFOPLIST_KEY_UISupportedInterfaceOrientations_iPhone = "UIInterfaceOrientationPortrait UIInterfaceOrientationLandscapeLeft UIInterfaceOrientationLandscapeRight";
				LD_RUNPATH_SEARCH_PATHS = (
					"$(inherited)",
					"@executable_path/Frameworks",
				);
				LIBRARY_SEARCH_PATHS = (
					"$(inherited)",
					"\"${PODS_CONFIGURATION_BUILD_DIR}/ReachabilitySwift\"",
				);
				MARKETING_VERSION = 1.0;
				PRODUCT_BUNDLE_IDENTIFIER = "com.test.MVVM-Clean-TestCases";
				PRODUCT_NAME = "$(TARGET_NAME)";
				SWIFT_EMIT_LOC_STRINGS = YES;
				SWIFT_VERSION = 5.0;
				TARGETED_DEVICE_FAMILY = "1,2";
			};
			name = Development;
		};
		95725AB4288466180046FF6F /* Development */ = {
			isa = XCBuildConfiguration;
			baseConfigurationReference = 95725AB1288465DE0046FF6F /* Development.xcconfig */;
			buildSettings = {
				ALWAYS_EMBED_SWIFT_STANDARD_LIBRARIES = YES;
				BUNDLE_LOADER = "$(TEST_HOST)";
				CODE_SIGN_STYLE = Automatic;
				CURRENT_PROJECT_VERSION = 1;
				GENERATE_INFOPLIST_FILE = YES;
				IPHONEOS_DEPLOYMENT_TARGET = 15.5;
				MARKETING_VERSION = 1.0;
				PRODUCT_BUNDLE_IDENTIFIER = "com.test.MVVM-Clean-TestCasesTests";
				PRODUCT_NAME = "$(TARGET_NAME)";
				SWIFT_EMIT_LOC_STRINGS = NO;
				SWIFT_VERSION = 5.0;
				TARGETED_DEVICE_FAMILY = "1,2";
				TEST_HOST = "$(BUILT_PRODUCTS_DIR)/MVVM_Clean_TestCases.app/MVVM_Clean_TestCases";
			};
			name = Development;
		};
		95725AB5288466180046FF6F /* Development */ = {
			isa = XCBuildConfiguration;
			baseConfigurationReference = 95725AB1288465DE0046FF6F /* Development.xcconfig */;
			buildSettings = {
				ALWAYS_EMBED_SWIFT_STANDARD_LIBRARIES = YES;
				CODE_SIGN_STYLE = Automatic;
				CURRENT_PROJECT_VERSION = 1;
				GENERATE_INFOPLIST_FILE = YES;
				MARKETING_VERSION = 1.0;
				PRODUCT_BUNDLE_IDENTIFIER = "com.test.MVVM-Clean-TestCasesUITests";
				PRODUCT_NAME = "$(TARGET_NAME)";
				SWIFT_EMIT_LOC_STRINGS = NO;
				SWIFT_VERSION = 5.0;
				TARGETED_DEVICE_FAMILY = "1,2";
				TEST_TARGET_NAME = MVVM_Clean_TestCases;
			};
			name = Development;
		};
/* End XCBuildConfiguration section */

/* Begin XCConfigurationList section */
		95561CA6288089C8000B07B8 /* Build configuration list for PBXProject "MVVM_Clean_TestCases" */ = {
			isa = XCConfigurationList;
			buildConfigurations = (
				95561CD3288089C9000B07B8 /* Debug */,
				95725AB2288466180046FF6F /* Development */,
				95561CD4288089C9000B07B8 /* Release */,
			);
			defaultConfigurationIsVisible = 0;
			defaultConfigurationName = Release;
		};
		95561CD5288089C9000B07B8 /* Build configuration list for PBXNativeTarget "MVVM_Clean_TestCases" */ = {
			isa = XCConfigurationList;
			buildConfigurations = (
				95561CD6288089C9000B07B8 /* Debug */,
				95725AB3288466180046FF6F /* Development */,
				95561CD7288089C9000B07B8 /* Release */,
			);
			defaultConfigurationIsVisible = 0;
			defaultConfigurationName = Release;
		};
		95561CD8288089C9000B07B8 /* Build configuration list for PBXNativeTarget "MVVM_Clean_TestCasesTests" */ = {
			isa = XCConfigurationList;
			buildConfigurations = (
				95561CD9288089C9000B07B8 /* Debug */,
				95725AB4288466180046FF6F /* Development */,
				95561CDA288089C9000B07B8 /* Release */,
			);
			defaultConfigurationIsVisible = 0;
			defaultConfigurationName = Release;
		};
		95561CDB288089C9000B07B8 /* Build configuration list for PBXNativeTarget "MVVM_Clean_TestCasesUITests" */ = {
			isa = XCConfigurationList;
			buildConfigurations = (
				95561CDC288089C9000B07B8 /* Debug */,
				95725AB5288466180046FF6F /* Development */,
				95561CDD288089C9000B07B8 /* Release */,
			);
			defaultConfigurationIsVisible = 0;
			defaultConfigurationName = Release;
		};
/* End XCConfigurationList section */
	};
	rootObject = 95561CA3288089C8000B07B8 /* Project object */;
}
